
Microsoft Visual Studio Solution File, Format Version 12.00
# Visual Studio 2012
Project("{FAE04EC0-301F-11D3-BF4B-00C04F79EFBC}") = "ls.key2uni.Entities", "ls.key2uni.Entities\ls.key2uni.Entities.csproj", "{FAAE1E89-5BB3-4FC0-A224-3511F4047698}"
EndProject
Project("{FAE04EC0-301F-11D3-BF4B-00C04F79EFBC}") = "ls.key2uni.Domain", "ls.key2uni.Domain\ls.key2uni.Domain.csproj", "{0B9138E5-0573-472C-B580-38A48A922BFC}"
EndProject
Project("{FAE04EC0-301F-11D3-BF4B-00C04F79EFBC}") = "ls.key2uni.Domain.Tests", "ls.key2uni.Domain.Tests\ls.key2uni.Domain.Tests.csproj", "{48A91914-4C7E-4E9F-894B-5EEDC9DC81E0}"
EndProject
Global
	GlobalSection(SolutionConfigurationPlatforms) = preSolution
		Debug|Any CPU = Debug|Any CPU
		Release|Any CPU = Release|Any CPU
	EndGlobalSection
	GlobalSection(ProjectConfigurationPlatforms) = postSolution
		{FAAE1E89-5BB3-4FC0-A224-3511F4047698}.Debug|Any CPU.ActiveCfg = Debug|Any CPU
		{FAAE1E89-5BB3-4FC0-A224-3511F4047698}.Debug|Any CPU.Build.0 = Debug|Any CPU
		{FAAE1E89-5BB3-4FC0-A224-3511F4047698}.Release|Any CPU.ActiveCfg = Release|Any CPU
		{FAAE1E89-5BB3-4FC0-A224-3511F4047698}.Release|Any CPU.Build.0 = Release|Any CPU
		{0B9138E5-0573-472C-B580-38A48A922BFC}.Debug|Any CPU.ActiveCfg = Debug|Any CPU
		{0B9138E5-0573-472C-B580-38A48A922BFC}.Debug|Any CPU.Build.0 = Debug|Any CPU
		{0B9138E5-0573-472C-B580-38A48A922BFC}.Release|Any CPU.ActiveCfg = Release|Any CPU
		{0B9138E5-0573-472C-B580-38A48A922BFC}.Release|Any CPU.Build.0 = Release|Any CPU
		{48A91914-4C7E-4E9F-894B-5EEDC9DC81E0}.Debug|Any CPU.ActiveCfg = Debug|Any CPU
		{48A91914-4C7E-4E9F-894B-5EEDC9DC81E0}.Debug|Any CPU.Build.0 = Debug|Any CPU
		{48A91914-4C7E-4E9F-894B-5EEDC9DC81E0}.Release|Any CPU.ActiveCfg = Release|Any CPU
		{48A91914-4C7E-4E9F-894B-5EEDC9DC81E0}.Release|Any CPU.Build.0 = Release|Any CPU
	EndGlobalSection
	GlobalSection(SolutionProperties) = preSolution
		HideSolutionNode = FALSE
	EndGlobalSection
EndGlobal
